// !$*UTF8*$!
{
	archiveVersion = 1;
	classes = {
	};
	objectVersion = 48;
	objects = {

/* Begin PBXBuildFile section */
		8D4C953120B69F3A0021E609 /* AppDelegate.m in Sources */ = {isa = PBXBuildFile; fileRef = 8D4C953020B69F3A0021E609 /* AppDelegate.m */; };
		8D4C953420B69F3A0021E609 /* ViewController.m in Sources */ = {isa = PBXBuildFile; fileRef = 8D4C953320B69F3A0021E609 /* ViewController.m */; };
		8D4C953720B69F3A0021E609 /* Main.storyboard in Resources */ = {isa = PBXBuildFile; fileRef = 8D4C953520B69F3A0021E609 /* Main.storyboard */; };
		8D4C953920B69F3A0021E609 /* Assets.xcassets in Resources */ = {isa = PBXBuildFile; fileRef = 8D4C953820B69F3A0021E609 /* Assets.xcassets */; };
		8D4C953C20B69F3A0021E609 /* LaunchScreen.storyboard in Resources */ = {isa = PBXBuildFile; fileRef = 8D4C953A20B69F3A0021E609 /* LaunchScreen.storyboard */; };
		8D4C953F20B69F3A0021E609 /* main.m in Sources */ = {isa = PBXBuildFile; fileRef = 8D4C953E20B69F3A0021E609 /* main.m */; };
		8D4C954920B69F3A0021E609 /* UnitTestTests.m in Sources */ = {isa = PBXBuildFile; fileRef = 8D4C954820B69F3A0021E609 /* UnitTestTests.m */; };
		8D4C955420B69F3A0021E609 /* UnitTestUITests.m in Sources */ = {isa = PBXBuildFile; fileRef = 8D4C955320B69F3A0021E609 /* UnitTestUITests.m */; };
		8D4C956320B69F5C0021E609 /* TestObj.m in Sources */ = {isa = PBXBuildFile; fileRef = 8D4C956120B69F5C0021E609 /* TestObj.m */; };
		8D4C956420B69F5C0021E609 /* TestObj.m in Sources */ = {isa = PBXBuildFile; fileRef = 8D4C956120B69F5C0021E609 /* TestObj.m */; };
		8D4C956520B69F5C0021E609 /* TestObj.m in Sources */ = {isa = PBXBuildFile; fileRef = 8D4C956120B69F5C0021E609 /* TestObj.m */; };
/* End PBXBuildFile section */

/* Begin PBXContainerItemProxy section */
		8D4C954520B69F3A0021E609 /* PBXContainerItemProxy */ = {
			isa = PBXContainerItemProxy;
			containerPortal = 8D4C952420B69F3A0021E609 /* Project object */;
			proxyType = 1;
			remoteGlobalIDString = 8D4C952B20B69F3A0021E609;
			remoteInfo = UnitTest;
		};
		8D4C955020B69F3A0021E609 /* PBXContainerItemProxy */ = {
			isa = PBXContainerItemProxy;
			containerPortal = 8D4C952420B69F3A0021E609 /* Project object */;
			proxyType = 1;
			remoteGlobalIDString = 8D4C952B20B69F3A0021E609;
			remoteInfo = UnitTest;
		};
/* End PBXContainerItemProxy section */

/* Begin PBXFileReference section */
		8D4C952C20B69F3A0021E609 /* UnitTest.app */ = {isa = PBXFileReference; explicitFileType = wrapper.application; includeInIndex = 0; path = UnitTest.app; sourceTree = BUILT_PRODUCTS_DIR; };
		8D4C952F20B69F3A0021E609 /* AppDelegate.h */ = {isa = PBXFileReference; lastKnownFileType = sourcecode.c.h; path = AppDelegate.h; sourceTree = "<group>"; };
		8D4C953020B69F3A0021E609 /* AppDelegate.m */ = {isa = PBXFileReference; lastKnownFileType = sourcecode.c.objc; path = AppDelegate.m; sourceTree = "<group>"; };
		8D4C953220B69F3A0021E609 /* ViewController.h */ = {isa = PBXFileReference; lastKnownFileType = sourcecode.c.h; path = ViewController.h; sourceTree = "<group>"; };
		8D4C953320B69F3A0021E609 /* ViewController.m */ = {isa = PBXFileReference; lastKnownFileType = sourcecode.c.objc; path = ViewController.m; sourceTree = "<group>"; };
		8D4C953620B69F3A0021E609 /* Base */ = {isa = PBXFileReference; lastKnownFileType = file.storyboard; name = Base; path = Base.lproj/Main.storyboard; sourceTree = "<group>"; };
		8D4C953820B69F3A0021E609 /* Assets.xcassets */ = {isa = PBXFileReference; lastKnownFileType = folder.assetcatalog; path = Assets.xcassets; sourceTree = "<group>"; };
		8D4C953B20B69F3A0021E609 /* Base */ = {isa = PBXFileReference; lastKnownFileType = file.storyboard; name = Base; path = Base.lproj/LaunchScreen.storyboard; sourceTree = "<group>"; };
		8D4C953D20B69F3A0021E609 /* Info.plist */ = {isa = PBXFileReference; lastKnownFileType = text.plist.xml; path = Info.plist; sourceTree = "<group>"; };
		8D4C953E20B69F3A0021E609 /* main.m */ = {isa = PBXFileReference; lastKnownFileType = sourcecode.c.objc; path = main.m; sourceTree = "<group>"; };
		8D4C954420B69F3A0021E609 /* UnitTestTests.xctest */ = {isa = PBXFileReference; explicitFileType = wrapper.cfbundle; includeInIndex = 0; path = UnitTestTests.xctest; sourceTree = BUILT_PRODUCTS_DIR; };
		8D4C954820B69F3A0021E609 /* UnitTestTests.m */ = {isa = PBXFileReference; lastKnownFileType = sourcecode.c.objc; path = UnitTestTests.m; sourceTree = "<group>"; };
		8D4C954A20B69F3A0021E609 /* Info.plist */ = {isa = PBXFileReference; lastKnownFileType = text.plist.xml; path = Info.plist; sourceTree = "<group>"; };
		8D4C954F20B69F3A0021E609 /* UnitTestUITests.xctest */ = {isa = PBXFileReference; explicitFileType = wrapper.cfbundle; includeInIndex = 0; path = UnitTestUITests.xctest; sourceTree = BUILT_PRODUCTS_DIR; };
		8D4C955320B69F3A0021E609 /* UnitTestUITests.m */ = {isa = PBXFileReference; lastKnownFileType = sourcecode.c.objc; path = UnitTestUITests.m; sourceTree = "<group>"; };
		8D4C955520B69F3A0021E609 /* Info.plist */ = {isa = PBXFileReference; lastKnownFileType = text.plist.xml; path = Info.plist; sourceTree = "<group>"; };
		8D4C956120B69F5C0021E609 /* TestObj.m */ = {isa = PBXFileReference; fileEncoding = 4; lastKnownFileType = sourcecode.c.objc; path = TestObj.m; sourceTree = "<group>"; };
		8D4C956220B69F5C0021E609 /* TestObj.h */ = {isa = PBXFileReference; fileEncoding = 4; lastKnownFileType = sourcecode.c.h; path = TestObj.h; sourceTree = "<group>"; };
/* End PBXFileReference section */

/* Begin PBXFrameworksBuildPhase section */
		8D4C952920B69F3A0021E609 /* Frameworks */ = {
			isa = PBXFrameworksBuildPhase;
			buildActionMask = 2147483647;
			files = (
			);
			runOnlyForDeploymentPostprocessing = 0;
		};
		8D4C954120B69F3A0021E609 /* Frameworks */ = {
			isa = PBXFrameworksBuildPhase;
			buildActionMask = 2147483647;
			files = (
			);
			runOnlyForDeploymentPostprocessing = 0;
		};
		8D4C954C20B69F3A0021E609 /* Frameworks */ = {
			isa = PBXFrameworksBuildPhase;
			buildActionMask = 2147483647;
			files = (
			);
			runOnlyForDeploymentPostprocessing = 0;
		};
/* End PBXFrameworksBuildPhase section */

/* Begin PBXGroup section */
		8D4C952320B69F3A0021E609 = {
			isa = PBXGroup;
			children = (
				8D4C952E20B69F3A0021E609 /* UnitTest */,
				8D4C954720B69F3A0021E609 /* UnitTestTests */,
				8D4C955220B69F3A0021E609 /* UnitTestUITests */,
				8D4C952D20B69F3A0021E609 /* Products */,
			);
			sourceTree = "<group>";
		};
		8D4C952D20B69F3A0021E609 /* Products */ = {
			isa = PBXGroup;
			children = (
				8D4C952C20B69F3A0021E609 /* UnitTest.app */,
				8D4C954420B69F3A0021E609 /* UnitTestTests.xctest */,
				8D4C954F20B69F3A0021E609 /* UnitTestUITests.xctest */,
			);
			name = Products;
			sourceTree = "<group>";
		};
		8D4C952E20B69F3A0021E609 /* UnitTest */ = {
			isa = PBXGroup;
			children = (
				8D4C952F20B69F3A0021E609 /* AppDelegate.h */,
				8D4C953020B69F3A0021E609 /* AppDelegate.m */,
				8D4C953220B69F3A0021E609 /* ViewController.h */,
				8D4C953320B69F3A0021E609 /* ViewController.m */,
				8D4C956220B69F5C0021E609 /* TestObj.h */,
				8D4C956120B69F5C0021E609 /* TestObj.m */,
				8D4C953520B69F3A0021E609 /* Main.storyboard */,
				8D4C953820B69F3A0021E609 /* Assets.xcassets */,
				8D4C953A20B69F3A0021E609 /* LaunchScreen.storyboard */,
				8D4C953D20B69F3A0021E609 /* Info.plist */,
				8D4C953E20B69F3A0021E609 /* main.m */,
			);
			path = UnitTest;
			sourceTree = "<group>";
		};
		8D4C954720B69F3A0021E609 /* UnitTestTests */ = {
			isa = PBXGroup;
			children = (
				8D4C954820B69F3A0021E609 /* UnitTestTests.m */,
				8D4C954A20B69F3A0021E609 /* Info.plist */,
			);
			path = UnitTestTests;
			sourceTree = "<group>";
		};
		8D4C955220B69F3A0021E609 /* UnitTestUITests */ = {
			isa = PBXGroup;
			children = (
				8D4C955320B69F3A0021E609 /* UnitTestUITests.m */,
				8D4C955520B69F3A0021E609 /* Info.plist */,
			);
			path = UnitTestUITests;
			sourceTree = "<group>";
		};
/* End PBXGroup section */

/* Begin PBXNativeTarget section */
		8D4C952B20B69F3A0021E609 /* UnitTest */ = {
			isa = PBXNativeTarget;
			buildConfigurationList = 8D4C955820B69F3A0021E609 /* Build configuration list for PBXNativeTarget "UnitTest" */;
			buildPhases = (
				8D4C952820B69F3A0021E609 /* Sources */,
				8D4C952920B69F3A0021E609 /* Frameworks */,
				8D4C952A20B69F3A0021E609 /* Resources */,
			);
			buildRules = (
			);
			dependencies = (
			);
			name = UnitTest;
			productName = UnitTest;
			productReference = 8D4C952C20B69F3A0021E609 /* UnitTest.app */;
			productType = "com.apple.product-type.application";
		};
		8D4C954320B69F3A0021E609 /* UnitTestTests */ = {
			isa = PBXNativeTarget;
			buildConfigurationList = 8D4C955B20B69F3A0021E609 /* Build configuration list for PBXNativeTarget "UnitTestTests" */;
			buildPhases = (
				8D4C954020B69F3A0021E609 /* Sources */,
				8D4C954120B69F3A0021E609 /* Frameworks */,
				8D4C954220B69F3A0021E609 /* Resources */,
			);
			buildRules = (
			);
			dependencies = (
				8D4C954620B69F3A0021E609 /* PBXTargetDependency */,
			);
			name = UnitTestTests;
			productName = UnitTestTests;
			productReference = 8D4C954420B69F3A0021E609 /* UnitTestTests.xctest */;
			productType = "com.apple.product-type.bundle.unit-test";
		};
		8D4C954E20B69F3A0021E609 /* UnitTestUITests */ = {
			isa = PBXNativeTarget;
			buildConfigurationList = 8D4C955E20B69F3A0021E609 /* Build configuration list for PBXNativeTarget "UnitTestUITests" */;
			buildPhases = (
				8D4C954B20B69F3A0021E609 /* Sources */,
				8D4C954C20B69F3A0021E609 /* Frameworks */,
				8D4C954D20B69F3A0021E609 /* Resources */,
			);
			buildRules = (
			);
			dependencies = (
				8D4C955120B69F3A0021E609 /* PBXTargetDependency */,
			);
			name = UnitTestUITests;
			productName = UnitTestUITests;
			productReference = 8D4C954F20B69F3A0021E609 /* UnitTestUITests.xctest */;
			productType = "com.apple.product-type.bundle.ui-testing";
		};
/* End PBXNativeTarget section */

/* Begin PBXProject section */
		8D4C952420B69F3A0021E609 /* Project object */ = {
			isa = PBXProject;
			attributes = {
				LastUpgradeCheck = 0920;
				ORGANIZATIONNAME = sogou;
				TargetAttributes = {
					8D4C952B20B69F3A0021E609 = {
						CreatedOnToolsVersion = 9.2;
						ProvisioningStyle = Automatic;
					};
					8D4C954320B69F3A0021E609 = {
						CreatedOnToolsVersion = 9.2;
						ProvisioningStyle = Automatic;
						TestTargetID = 8D4C952B20B69F3A0021E609;
					};
					8D4C954E20B69F3A0021E609 = {
						CreatedOnToolsVersion = 9.2;
						ProvisioningStyle = Automatic;
						TestTargetID = 8D4C952B20B69F3A0021E609;
					};
				};
			};
			buildConfigurationList = 8D4C952720B69F3A0021E609 /* Build configuration list for PBXProject "UnitTest" */;
			compatibilityVersion = "Xcode 8.0";
			developmentRegion = en;
			hasScannedForEncodings = 0;
			knownRegions = (
				en,
				Base,
			);
			mainGroup = 8D4C952320B69F3A0021E609;
			productRefGroup = 8D4C952D20B69F3A0021E609 /* Products */;
			projectDirPath = "";
			projectRoot = "";
			targets = (
				8D4C952B20B69F3A0021E609 /* UnitTest */,
				8D4C954320B69F3A0021E609 /* UnitTestTests */,
				8D4C954E20B69F3A0021E609 /* UnitTestUITests */,
			);
		};
/* End PBXProject section */

/* Begin PBXResourcesBuildPhase section */
		8D4C952A20B69F3A0021E609 /* Resources */ = {
			isa = PBXResourcesBuildPhase;
			buildActionMask = 2147483647;
			files = (
				8D4C953C20B69F3A0021E609 /* LaunchScreen.storyboard in Resources */,
				8D4C953920B69F3A0021E609 /* Assets.xcassets in Resources */,
				8D4C953720B69F3A0021E609 /* Main.storyboard in Resources */,
			);
			runOnlyForDeploymentPostprocessing = 0;
		};
		8D4C954220B69F3A0021E609 /* Resources */ = {
			isa = PBXResourcesBuildPhase;
			buildActionMask = 2147483647;
			files = (
			);
			runOnlyForDeploymentPostprocessing = 0;
		};
		8D4C954D20B69F3A0021E609 /* Resources */ = {
			isa = PBXResourcesBuildPhase;
			buildActionMask = 2147483647;
			files = (
			);
			runOnlyForDeploymentPostprocessing = 0;
		};
/* End PBXResourcesBuildPhase section */

/* Begin PBXSourcesBuildPhase section */
		8D4C952820B69F3A0021E609 /* Sources */ = {
			isa = PBXSourcesBuildPhase;
			buildActionMask = 2147483647;
			files = (
				8D4C953420B69F3A0021E609 /* ViewController.m in Sources */,
				8D4C953F20B69F3A0021E609 /* main.m in Sources */,
				8D4C953120B69F3A0021E609 /* AppDelegate.m in Sources */,
				8D4C956320B69F5C0021E609 /* TestObj.m in Sources */,
			);
			runOnlyForDeploymentPostprocessing = 0;
		};
		8D4C954020B69F3A0021E609 /* Sources */ = {
			isa = PBXSourcesBuildPhase;
			buildActionMask = 2147483647;
			files = (
				8D4C954920B69F3A0021E609 /* UnitTestTests.m in Sources */,
				8D4C956420B69F5C0021E609 /* TestObj.m in Sources */,
			);
			runOnlyForDeploymentPostprocessing = 0;
		};
		8D4C954B20B69F3A0021E609 /* Sources */ = {
			isa = PBXSourcesBuildPhase;
			buildActionMask = 2147483647;
			files = (
				8D4C955420B69F3A0021E609 /* UnitTestUITests.m in Sources */,
				8D4C956520B69F5C0021E609 /* TestObj.m in Sources */,
			);
			runOnlyForDeploymentPostprocessing = 0;
		};
/* End PBXSourcesBuildPhase section */

/* Begin PBXTargetDependency section */
		8D4C954620B69F3A0021E609 /* PBXTargetDependency */ = {
			isa = PBXTargetDependency;
			target = 8D4C952B20B69F3A0021E609 /* UnitTest */;
			targetProxy = 8D4C954520B69F3A0021E609 /* PBXContainerItemProxy */;
		};
		8D4C955120B69F3A0021E609 /* PBXTargetDependency */ = {
			isa = PBXTargetDependency;
			target = 8D4C952B20B69F3A0021E609 /* UnitTest */;
			targetProxy = 8D4C955020B69F3A0021E609 /* PBXContainerItemProxy */;
		};
/* End PBXTargetDependency section */

/* Begin PBXVariantGroup section */
		8D4C953520B69F3A0021E609 /* Main.storyboard */ = {
			isa = PBXVariantGroup;
			children = (
				8D4C953620B69F3A0021E609 /* Base */,
			);
			name = Main.storyboard;
			sourceTree = "<group>";
		};
		8D4C953A20B69F3A0021E609 /* LaunchScreen.storyboard */ = {
			isa = PBXVariantGroup;
			children = (
				8D4C953B20B69F3A0021E609 /* Base */,
			);
			name = LaunchScreen.storyboard;
			sourceTree = "<group>";
		};
/* End PBXVariantGroup section */

/* Begin XCBuildConfiguration section */
		8D4C955620B69F3A0021E609 /* Debug */ = {
			isa = XCBuildConfiguration;
			buildSettings = {
				ALWAYS_SEARCH_USER_PATHS = NO;
				CLANG_ANALYZER_NONNULL = YES;
				CLANG_ANALYZER_NUMBER_OBJECT_CONVERSION = YES_AGGRESSIVE;
				CLANG_CXX_LANGUAGE_STANDARD = "gnu++14";
				CLANG_CXX_LIBRARY = "libc++";
				CLANG_ENABLE_MODULES = YES;
				CLANG_ENABLE_OBJC_ARC = YES;
				CLANG_WARN_BLOCK_CAPTURE_AUTORELEASING = YES;
				CLANG_WARN_BOOL_CONVERSION = YES;
				CLANG_WARN_COMMA = YES;
				CLANG_WARN_CONSTANT_CONVERSION = YES;
				CLANG_WARN_DIRECT_OBJC_ISA_USAGE = YES_ERROR;
				CLANG_WARN_DOCUMENTATION_COMMENTS = YES;
				CLANG_WARN_EMPTY_BODY = YES;
				CLANG_WARN_ENUM_CONVERSION = YES;
				CLANG_WARN_INFINITE_RECURSION = YES;
				CLANG_WARN_INT_CONVERSION = YES;
				CLANG_WARN_NON_LITERAL_NULL_CONVERSION = YES;
				CLANG_WARN_OBJC_LITERAL_CONVERSION = YES;
				CLANG_WARN_OBJC_ROOT_CLASS = YES_ERROR;
				CLANG_WARN_RANGE_LOOP_ANALYSIS = YES;
				CLANG_WARN_STRICT_PROTOTYPES = YES;
				CLANG_WARN_SUSPICIOUS_MOVE = YES;
				CLANG_WARN_UNGUARDED_AVAILABILITY = YES_AGGRESSIVE;
				CLANG_WARN_UNREACHABLE_CODE = YES;
				CLANG_WARN__DUPLICATE_METHOD_MATCH = YES;
				CODE_SIGN_IDENTITY = "iPhone Developer";
				COPY_PHASE_STRIP = NO;
				DEBUG_INFORMATION_FORMAT = dwarf;
				ENABLE_STRICT_OBJC_MSGSEND = YES;
				ENABLE_TESTABILITY = YES;
				GCC_C_LANGUAGE_STANDARD = gnu11;
				GCC_DYNAMIC_NO_PIC = NO;
				GCC_NO_COMMON_BLOCKS = YES;
				GCC_OPTIMIZATION_LEVEL = 0;
				GCC_PREPROCESSOR_DEFINITIONS = (
					"DEBUG=1",
					"$(inherited)",
				);
				GCC_WARN_64_TO_32_BIT_CONVERSION = YES;
				GCC_WARN_ABOUT_RETURN_TYPE = YES_ERROR;
				GCC_WARN_UNDECLARED_SELECTOR = YES;
				GCC_WARN_UNINITIALIZED_AUTOS = YES_AGGRESSIVE;
				GCC_WARN_UNUSED_FUNCTION = YES;
				GCC_WARN_UNUSED_VARIABLE = YES;
				IPHONEOS_DEPLOYMENT_TARGET = 11.2;
				MTL_ENABLE_DEBUG_INFO = YES;
				ONLY_ACTIVE_ARCH = YES;
				SDKROOT = iphoneos;
			};
			name = Debug;
		};
		8D4C955720B69F3A0021E609 /* Release */ = {
			isa = XCBuildConfiguration;
			buildSettings = {
				ALWAYS_SEARCH_USER_PATHS = NO;
				CLANG_ANALYZER_NONNULL = YES;
				CLANG_ANALYZER_NUMBER_OBJECT_CONVERSION = YES_AGGRESSIVE;
				CLANG_CXX_LANGUAGE_STANDARD = "gnu++14";
				CLANG_CXX_LIBRARY = "libc++";
				CLANG_ENABLE_MODULES = YES;
				CLANG_ENABLE_OBJC_ARC = YES;
				CLANG_WARN_BLOCK_CAPTURE_AUTORELEASING = YES;
				CLANG_WARN_BOOL_CONVERSION = YES;
				CLANG_WARN_COMMA = YES;
				CLANG_WARN_CONSTANT_CONVERSION = YES;
				CLANG_WARN_DIRECT_OBJC_ISA_USAGE = YES_ERROR;
				CLANG_WARN_DOCUMENTATION_COMMENTS = YES;
				CLANG_WARN_EMPTY_BODY = YES;
				CLANG_WARN_ENUM_CONVERSION = YES;
				CLANG_WARN_INFINITE_RECURSION = YES;
				CLANG_WARN_INT_CONVERSION = YES;
				CLANG_WARN_NON_LITERAL_NULL_CONVERSION = YES;
				CLANG_WARN_OBJC_LITERAL_CONVERSION = YES;
				CLANG_WARN_OBJC_ROOT_CLASS = YES_ERROR;
				CLANG_WARN_RANGE_LOOP_ANALYSIS = YES;
				CLANG_WARN_STRICT_PROTOTYPES = YES;
				CLANG_WARN_SUSPICIOUS_MOVE = YES;
				CLANG_WARN_UNGUARDED_AVAILABILITY = YES_AGGRESSIVE;
				CLANG_WARN_UNREACHABLE_CODE = YES;
				CLANG_WARN__DUPLICATE_METHOD_MATCH = YES;
				CODE_SIGN_IDENTITY = "iPhone Developer";
				COPY_PHASE_STRIP = NO;
				DEBUG_INFORMATION_FORMAT = "dwarf-with-dsym";
				ENABLE_NS_ASSERTIONS = NO;
				ENABLE_STRICT_OBJC_MSGSEND = YES;
				GCC_C_LANGUAGE_STANDARD = gnu11;
				GCC_NO_COMMON_BLOCKS = YES;
				GCC_WARN_64_TO_32_BIT_CONVERSION = YES;
				GCC_WARN_ABOUT_RETURN_TYPE = YES_ERROR;
				GCC_WARN_UNDECLARED_SELECTOR = YES;
				GCC_WARN_UNINITIALIZED_AUTOS = YES_AGGRESSIVE;
				GCC_WARN_UNUSED_FUNCTION = YES;
				GCC_WARN_UNUSED_VARIABLE = YES;
				IPHONEOS_DEPLOYMENT_TARGET = 11.2;
				MTL_ENABLE_DEBUG_INFO = NO;
				SDKROOT = iphoneos;
				VALIDATE_PRODUCT = YES;
			};
			name = Release;
		};
		8D4C955920B69F3A0021E609 /* Debug */ = {
			isa = XCBuildConfiguration;
			buildSettings = {
				ASSETCATALOG_COMPILER_APPICON_NAME = AppIcon;
				CODE_SIGN_STYLE = Automatic;
				INFOPLIST_FILE = UnitTest/Info.plist;
				LD_RUNPATH_SEARCH_PATHS = "$(inherited) @executable_path/Frameworks";
				PRODUCT_BUNDLE_IDENTIFIER = com.sogou.swallowyan.UnitTest;
				PRODUCT_NAME = "$(TARGET_NAME)";
				TARGETED_DEVICE_FAMILY = "1,2";
			};
			name = Debug;
		};
		8D4C955A20B69F3A0021E609 /* Release */ = {
			isa = XCBuildConfiguration;
			buildSettings = {
				ASSETCATALOG_COMPILER_APPICON_NAME = AppIcon;
				CODE_SIGN_STYLE = Automatic;
				INFOPLIST_FILE = UnitTest/Info.plist;
				LD_RUNPATH_SEARCH_PATHS = "$(inherited) @executable_path/Frameworks";
				PRODUCT_BUNDLE_IDENTIFIER = com.sogou.swallowyan.UnitTest;
				PRODUCT_NAME = "$(TARGET_NAME)";
				TARGETED_DEVICE_FAMILY = "1,2";
			};
			name = Release;
		};
		8D4C955C20B69F3A0021E609 /* Debug */ = {
			isa = XCBuildConfiguration;
			buildSettings = {
				BUNDLE_LOADER = "$(TEST_HOST)";
				CODE_SIGN_STYLE = Automatic;
				INFOPLIST_FILE = UnitTestTests/Info.plist;
				LD_RUNPATH_SEARCH_PATHS = "$(inherited) @executable_path/Frameworks @loader_path/Frameworks";
				PRODUCT_BUNDLE_IDENTIFIER = com.sogou.swallowyan.UnitTestTests;
				PRODUCT_NAME = "$(TARGET_NAME)";
				TARGETED_DEVICE_FAMILY = "1,2";
				TEST_HOST = "$(BUILT_PRODUCTS_DIR)/UnitTest.app/UnitTest";
			};
			name = Debug;
		};
		8D4C955D20B69F3A0021E609 /* Release */ = {
			isa = XCBuildConfiguration;
			buildSettings = {
				BUNDLE_LOADER = "$(TEST_HOST)";
				CODE_SIGN_STYLE = Automatic;
				INFOPLIST_FILE = UnitTestTests/Info.plist;
				LD_RUNPATH_SEARCH_PATHS = "$(inherited) @executable_path/Frameworks @loader_path/Frameworks";
				PRODUCT_BUNDLE_IDENTIFIER = com.sogou.swallowyan.UnitTestTests;
				PRODUCT_NAME = "$(TARGET_NAME)";
				TARGETED_DEVICE_FAMILY = "1,2";
				TEST_HOST = "$(BUILT_PRODUCTS_DIR)/UnitTest.app/UnitTest";
			};
			name = Release;
		};
		8D4C955F20B69F3A0021E609 /* Debug */ = {
			isa = XCBuildConfiguration;
			buildSettings = {
				CODE_SIGN_STYLE = Automatic;
				INFOPLIST_FILE = UnitTestUITests/Info.plist;
				LD_RUNPATH_SEARCH_PATHS = "$(inherited) @executable_path/Frameworks @loader_path/Frameworks";
				PRODUCT_BUNDLE_IDENTIFIER = com.sogou.swallowyan.UnitTestUITests;
				PRODUCT_NAME = "$(TARGET_NAME)";
				TARGETED_DEVICE_FAMILY = "1,2";
				TEST_TARGET_NAME = UnitTest;
			};
			name = Debug;
		};
		8D4C956020B69F3A0021E609 /* Release */ = {
			isa = XCBuildConfiguration;
			buildSettings = {
				CODE_SIGN_STYLE = Automatic;
				INFOPLIST_FILE = UnitTestUITests/Info.plist;
				LD_RUNPATH_SEARCH_PATHS = "$(inherited) @executable_path/Frameworks @loader_path/Frameworks";
				PRODUCT_BUNDLE_IDENTIFIER = com.sogou.swallowyan.UnitTestUITests;
				PRODUCT_NAME = "$(TARGET_NAME)";
				TARGETED_DEVICE_FAMILY = "1,2";
				TEST_TARGET_NAME = UnitTest;
			};
			name = Release;
		};
/* End XCBuildConfiguration section */

/* Begin XCConfigurationList section */
		8D4C952720B69F3A0021E609 /* Build configuration list for PBXProject "UnitTest" */ = {
			isa = XCConfigurationList;
			buildConfigurations = (
				8D4C955620B69F3A0021E609 /* Debug */,
				8D4C955720B69F3A0021E609 /* Release */,
			);
			defaultConfigurationIsVisible = 0;
			defaultConfigurationName = Release;
		};
		8D4C955820B69F3A0021E609 /* Build configuration list for PBXNativeTarget "UnitTest" */ = {
			isa = XCConfigurationList;
			buildConfigurations = (
				8D4C955920B69F3A0021E609 /* Debug */,
				8D4C955A20B69F3A0021E609 /* Release */,
			);
			defaultConfigurationIsVisible = 0;
			defaultConfigurationName = Release;
		};
		8D4C955B20B69F3A0021E609 /* Build configuration list for PBXNativeTarget "UnitTestTests" */ = {
			isa = XCConfigurationList;
			buildConfigurations = (
				8D4C955C20B69F3A0021E609 /* Debug */,
				8D4C955D20B69F3A0021E609 /* Release */,
			);
			defaultConfigurationIsVisible = 0;
			defaultConfigurationName = Release;
		};
		8D4C955E20B69F3A0021E609 /* Build configuration list for PBXNativeTarget "UnitTestUITests" */ = {
			isa = XCConfigurationList;
			buildConfigurations = (
				8D4C955F20B69F3A0021E609 /* Debug */,
				8D4C956020B69F3A0021E609 /* Release */,
			);
			defaultConfigurationIsVisible = 0;
			defaultConfigurationName = Release;
		};
/* End XCConfigurationList section */
	};
	rootObject = 8D4C952420B69F3A0021E609 /* Project object */;
}
